
Microsoft Visual Studio Solution File, Format Version 12.00
# Visual Studio 15
VisualStudioVersion = 15.0.27703.2042
MinimumVisualStudioVersion = 10.0.40219.1
Project("{8BC9CEB8-8B4A-11D0-8D11-00A0C91BC942}") = "Horchata_Engine", "Horchata_Engine\Horchata_Engine.vcxproj", "{CAC24A62-EBCC-4E00-84CC-8DD2BC20640D}"
EndProject
Global
	GlobalSection(SolutionConfigurationPlatforms) = preSolution
		Debug|x86 = Debug|x86
		Release|x86 = Release|x86
	EndGlobalSection
	GlobalSection(ProjectConfigurationPlatforms) = postSolution
		{CAC24A62-EBCC-4E00-84CC-8DD2BC20640D}.Debug|x86.ActiveCfg = Debug|Win32
		{CAC24A62-EBCC-4E00-84CC-8DD2BC20640D}.Debug|x86.Build.0 = Debug|Win32
		{CAC24A62-EBCC-4E00-84CC-8DD2BC20640D}.Release|x86.ActiveCfg = Release|Win32
		{CAC24A62-EBCC-4E00-84CC-8DD2BC20640D}.Release|x86.Build.0 = Release|Win32
	EndGlobalSection
	GlobalSection(SolutionProperties) = preSolution
		HideSolutionNode = FALSE
	EndGlobalSection
	GlobalSection(ExtensibilityGlobals) = postSolution
		SolutionGuid = {33F39A66-9F98-4B4A-9F65-0AA387AAF7E0}
	EndGlobalSection
EndGlobal
